{
  "name": "growletters",
  "lockfileVersion": 3,
  "requires": true,
  "packages": {
    "": {
      "dependencies": {
        "aseprite-cli": "^1.1.2"
      }
    },
    "node_modules/aseprite-cli": {
      "version": "1.1.2",
      "resolved": "https://registry.npmjs.org/aseprite-cli/-/aseprite-cli-1.1.2.tgz",
      "integrity": "sha512-bcB3704sLdeO9xJieTHAN7hHRUraEY8TqBB8/HUcrTXs6YvrFQhGNN5Kb+32NjRIAva1/Be04Uh529beWQ9Dgg==",
      "license": "MIT"
    }
  }
}
